// !$*UTF8*$!
{
	archiveVersion = 1;
	classes = {
	};
	objectVersion = 56;
	objects = {

/* Begin PBXBuildFile section */
		BB03697D2B585D0700FFFCFF /* RMCharacter.swift in Sources */ = {isa = PBXBuildFile; fileRef = BB03697C2B585D0700FFFCFF /* RMCharacter.swift */; };
		BB03697F2B585D0E00FFFCFF /* RMEpisode.swift in Sources */ = {isa = PBXBuildFile; fileRef = BB03697E2B585D0E00FFFCFF /* RMEpisode.swift */; };
		BB0369812B585D1300FFFCFF /* RMLocation.swift in Sources */ = {isa = PBXBuildFile; fileRef = BB0369802B585D1300FFFCFF /* RMLocation.swift */; };
		BB0369872B585D4900FFFCFF /* RMTabBarViewController.swift in Sources */ = {isa = PBXBuildFile; fileRef = BB0369822B585D4900FFFCFF /* RMTabBarViewController.swift */; };
		BB0369882B585D4900FFFCFF /* RMEpisodeViewController.swift in Sources */ = {isa = PBXBuildFile; fileRef = BB0369832B585D4900FFFCFF /* RMEpisodeViewController.swift */; };
		BB0369892B585D4900FFFCFF /* RMLocationViewController.swift in Sources */ = {isa = PBXBuildFile; fileRef = BB0369842B585D4900FFFCFF /* RMLocationViewController.swift */; };
		BB03698A2B585D4900FFFCFF /* RMCharacterViewController.swift in Sources */ = {isa = PBXBuildFile; fileRef = BB0369852B585D4900FFFCFF /* RMCharacterViewController.swift */; };
		BB03698B2B585D4900FFFCFF /* RMSettingsViewController.swift in Sources */ = {isa = PBXBuildFile; fileRef = BB0369862B585D4900FFFCFF /* RMSettingsViewController.swift */; };
		BB4059BB2B585C5A00296E30 /* AppDelegate.swift in Sources */ = {isa = PBXBuildFile; fileRef = BB4059BA2B585C5A00296E30 /* AppDelegate.swift */; };
		BB4059BD2B585C5A00296E30 /* SceneDelegate.swift in Sources */ = {isa = PBXBuildFile; fileRef = BB4059BC2B585C5A00296E30 /* SceneDelegate.swift */; };
		BB4059C42B585C5C00296E30 /* Assets.xcassets in Resources */ = {isa = PBXBuildFile; fileRef = BB4059C32B585C5C00296E30 /* Assets.xcassets */; };
		BB4059C72B585C5C00296E30 /* LaunchScreen.storyboard in Resources */ = {isa = PBXBuildFile; fileRef = BB4059C52B585C5C00296E30 /* LaunchScreen.storyboard */; };
		BB487F102B598B710096BC3B /* RMService.swift in Sources */ = {isa = PBXBuildFile; fileRef = BB487F0F2B598B710096BC3B /* RMService.swift */; };
		BB487F162B598BA30096BC3B /* RMRequest.swift in Sources */ = {isa = PBXBuildFile; fileRef = BB487F152B598BA30096BC3B /* RMRequest.swift */; };
		BB487F182B598C1B0096BC3B /* RMEndpoint.swift in Sources */ = {isa = PBXBuildFile; fileRef = BB487F172B598C1B0096BC3B /* RMEndpoint.swift */; };
		BB487F1A2B5991C60096BC3B /* RMOrigin.swift in Sources */ = {isa = PBXBuildFile; fileRef = BB487F192B5991C60096BC3B /* RMOrigin.swift */; };
		BB487F1D2B5992290096BC3B /* RMSingleLocation.swift in Sources */ = {isa = PBXBuildFile; fileRef = BB487F1C2B5992290096BC3B /* RMSingleLocation.swift */; };
		BB487F1F2B5993270096BC3B /* RMCharacterStatus.swift in Sources */ = {isa = PBXBuildFile; fileRef = BB487F1E2B5993270096BC3B /* RMCharacterStatus.swift */; };
		BB487F212B5993470096BC3B /* RMCharacterGender.swift in Sources */ = {isa = PBXBuildFile; fileRef = BB487F202B5993470096BC3B /* RMCharacterGender.swift */; };
		BB51134E2B5A967200D396E3 /* RMGetAllCharactersResponse.swift in Sources */ = {isa = PBXBuildFile; fileRef = BB51134D2B5A967200D396E3 /* RMGetAllCharactersResponse.swift */; };
		BBE4AE162B5ACBE100593E8D /* RMCharacterListViewViewModel.swift in Sources */ = {isa = PBXBuildFile; fileRef = BBE4AE152B5ACBE100593E8D /* RMCharacterListViewViewModel.swift */; };
		BBE4AE182B5ACC3500593E8D /* RMCharacterListView.swift in Sources */ = {isa = PBXBuildFile; fileRef = BBE4AE172B5ACC3500593E8D /* RMCharacterListView.swift */; };
		BBE4AE1A2B5ACED200593E8D /*  Extensions.swift in Sources */ = {isa = PBXBuildFile; fileRef = BBE4AE192B5ACED200593E8D /*  Extensions.swift */; };
		BBE4AE1C2B5AD2A700593E8D /* RMCharacterCollectionViewCell.swift in Sources */ = {isa = PBXBuildFile; fileRef = BBE4AE1B2B5AD2A700593E8D /* RMCharacterCollectionViewCell.swift */; };
		BBE4AE1E2B5AD3B800593E8D /* RMCharacterCollectionViewCellViewModel.swift in Sources */ = {isa = PBXBuildFile; fileRef = BBE4AE1D2B5AD3B800593E8D /* RMCharacterCollectionViewCellViewModel.swift */; };
/* End PBXBuildFile section */

/* Begin PBXFileReference section */
		BB03697C2B585D0700FFFCFF /* RMCharacter.swift */ = {isa = PBXFileReference; lastKnownFileType = sourcecode.swift; path = RMCharacter.swift; sourceTree = "<group>"; };
		BB03697E2B585D0E00FFFCFF /* RMEpisode.swift */ = {isa = PBXFileReference; lastKnownFileType = sourcecode.swift; path = RMEpisode.swift; sourceTree = "<group>"; };
		BB0369802B585D1300FFFCFF /* RMLocation.swift */ = {isa = PBXFileReference; lastKnownFileType = sourcecode.swift; path = RMLocation.swift; sourceTree = "<group>"; };
		BB0369822B585D4900FFFCFF /* RMTabBarViewController.swift */ = {isa = PBXFileReference; fileEncoding = 4; lastKnownFileType = sourcecode.swift; path = RMTabBarViewController.swift; sourceTree = "<group>"; };
		BB0369832B585D4900FFFCFF /* RMEpisodeViewController.swift */ = {isa = PBXFileReference; fileEncoding = 4; lastKnownFileType = sourcecode.swift; path = RMEpisodeViewController.swift; sourceTree = "<group>"; };
		BB0369842B585D4900FFFCFF /* RMLocationViewController.swift */ = {isa = PBXFileReference; fileEncoding = 4; lastKnownFileType = sourcecode.swift; path = RMLocationViewController.swift; sourceTree = "<group>"; };
		BB0369852B585D4900FFFCFF /* RMCharacterViewController.swift */ = {isa = PBXFileReference; fileEncoding = 4; lastKnownFileType = sourcecode.swift; path = RMCharacterViewController.swift; sourceTree = "<group>"; };
		BB0369862B585D4900FFFCFF /* RMSettingsViewController.swift */ = {isa = PBXFileReference; fileEncoding = 4; lastKnownFileType = sourcecode.swift; path = RMSettingsViewController.swift; sourceTree = "<group>"; };
		BB4059B72B585C5A00296E30 /* RickAndMorty.app */ = {isa = PBXFileReference; explicitFileType = wrapper.application; includeInIndex = 0; path = RickAndMorty.app; sourceTree = BUILT_PRODUCTS_DIR; };
		BB4059BA2B585C5A00296E30 /* AppDelegate.swift */ = {isa = PBXFileReference; lastKnownFileType = sourcecode.swift; path = AppDelegate.swift; sourceTree = "<group>"; };
		BB4059BC2B585C5A00296E30 /* SceneDelegate.swift */ = {isa = PBXFileReference; lastKnownFileType = sourcecode.swift; path = SceneDelegate.swift; sourceTree = "<group>"; };
		BB4059C32B585C5C00296E30 /* Assets.xcassets */ = {isa = PBXFileReference; lastKnownFileType = folder.assetcatalog; path = Assets.xcassets; sourceTree = "<group>"; };
		BB4059C62B585C5C00296E30 /* Base */ = {isa = PBXFileReference; lastKnownFileType = file.storyboard; name = Base; path = Base.lproj/LaunchScreen.storyboard; sourceTree = "<group>"; };
		BB4059C82B585C5C00296E30 /* Info.plist */ = {isa = PBXFileReference; lastKnownFileType = text.plist.xml; path = Info.plist; sourceTree = "<group>"; };
		BB487F0F2B598B710096BC3B /* RMService.swift */ = {isa = PBXFileReference; lastKnownFileType = sourcecode.swift; path = RMService.swift; sourceTree = "<group>"; };
		BB487F152B598BA30096BC3B /* RMRequest.swift */ = {isa = PBXFileReference; lastKnownFileType = sourcecode.swift; path = RMRequest.swift; sourceTree = "<group>"; };
		BB487F172B598C1B0096BC3B /* RMEndpoint.swift */ = {isa = PBXFileReference; lastKnownFileType = sourcecode.swift; path = RMEndpoint.swift; sourceTree = "<group>"; };
		BB487F192B5991C60096BC3B /* RMOrigin.swift */ = {isa = PBXFileReference; lastKnownFileType = sourcecode.swift; path = RMOrigin.swift; sourceTree = "<group>"; };
		BB487F1C2B5992290096BC3B /* RMSingleLocation.swift */ = {isa = PBXFileReference; lastKnownFileType = sourcecode.swift; path = RMSingleLocation.swift; sourceTree = "<group>"; };
		BB487F1E2B5993270096BC3B /* RMCharacterStatus.swift */ = {isa = PBXFileReference; lastKnownFileType = sourcecode.swift; path = RMCharacterStatus.swift; sourceTree = "<group>"; };
		BB487F202B5993470096BC3B /* RMCharacterGender.swift */ = {isa = PBXFileReference; lastKnownFileType = sourcecode.swift; path = RMCharacterGender.swift; sourceTree = "<group>"; };
		BB51134D2B5A967200D396E3 /* RMGetAllCharactersResponse.swift */ = {isa = PBXFileReference; lastKnownFileType = sourcecode.swift; path = RMGetAllCharactersResponse.swift; sourceTree = "<group>"; };
		BBE4AE152B5ACBE100593E8D /* RMCharacterListViewViewModel.swift */ = {isa = PBXFileReference; lastKnownFileType = sourcecode.swift; path = RMCharacterListViewViewModel.swift; sourceTree = "<group>"; };
		BBE4AE172B5ACC3500593E8D /* RMCharacterListView.swift */ = {isa = PBXFileReference; lastKnownFileType = sourcecode.swift; path = RMCharacterListView.swift; sourceTree = "<group>"; };
		BBE4AE192B5ACED200593E8D /*  Extensions.swift */ = {isa = PBXFileReference; lastKnownFileType = sourcecode.swift; path = " Extensions.swift"; sourceTree = "<group>"; };
		BBE4AE1B2B5AD2A700593E8D /* RMCharacterCollectionViewCell.swift */ = {isa = PBXFileReference; lastKnownFileType = sourcecode.swift; path = RMCharacterCollectionViewCell.swift; sourceTree = "<group>"; };
		BBE4AE1D2B5AD3B800593E8D /* RMCharacterCollectionViewCellViewModel.swift */ = {isa = PBXFileReference; lastKnownFileType = sourcecode.swift; path = RMCharacterCollectionViewCellViewModel.swift; sourceTree = "<group>"; };
/* End PBXFileReference section */

/* Begin PBXFrameworksBuildPhase section */
		BB4059B42B585C5A00296E30 /* Frameworks */ = {
			isa = PBXFrameworksBuildPhase;
			buildActionMask = 2147483647;
			files = (
			);
			runOnlyForDeploymentPostprocessing = 0;
		};
/* End PBXFrameworksBuildPhase section */

/* Begin PBXGroup section */
		BB0369752B585C9D00FFFCFF /* Views */ = {
			isa = PBXGroup;
			children = (
				BBE4AE172B5ACC3500593E8D /* RMCharacterListView.swift */,
				BBE4AE1B2B5AD2A700593E8D /* RMCharacterCollectionViewCell.swift */,
			);
			path = Views;
			sourceTree = "<group>";
		};
		BB0369762B585CA000FFFCFF /* ViewModels */ = {
			isa = PBXGroup;
			children = (
				BBE4AE152B5ACBE100593E8D /* RMCharacterListViewViewModel.swift */,
				BBE4AE1D2B5AD3B800593E8D /* RMCharacterCollectionViewCellViewModel.swift */,
			);
			path = ViewModels;
			sourceTree = "<group>";
		};
		BB0369772B585CA500FFFCFF /* Resources */ = {
			isa = PBXGroup;
			children = (
				BB4059BA2B585C5A00296E30 /* AppDelegate.swift */,
				BB4059BC2B585C5A00296E30 /* SceneDelegate.swift */,
				BB4059C32B585C5C00296E30 /* Assets.xcassets */,
				BB4059C52B585C5C00296E30 /* LaunchScreen.storyboard */,
				BBE4AE192B5ACED200593E8D /*  Extensions.swift */,
			);
			path = Resources;
			sourceTree = "<group>";
		};
		BB0369782B585CB700FFFCFF /* Models */ = {
			isa = PBXGroup;
			children = (
				BB51134A2B5A964000D396E3 /* APIResponseTypes */,
				BB5113492B5A962E00D396E3 /* DataTypes */,
			);
			path = Models;
			sourceTree = "<group>";
		};
		BB0369792B585CBA00FFFCFF /* Managers */ = {
			isa = PBXGroup;
			children = (
			);
			path = Managers;
			sourceTree = "<group>";
		};
		BB03697A2B585CBE00FFFCFF /* Controllers */ = {
			isa = PBXGroup;
			children = (
				BB0369852B585D4900FFFCFF /* RMCharacterViewController.swift */,
				BB0369832B585D4900FFFCFF /* RMEpisodeViewController.swift */,
				BB0369842B585D4900FFFCFF /* RMLocationViewController.swift */,
				BB0369862B585D4900FFFCFF /* RMSettingsViewController.swift */,
				BB0369822B585D4900FFFCFF /* RMTabBarViewController.swift */,
			);
			path = Controllers;
			sourceTree = "<group>";
		};
		BB03697B2B585CC400FFFCFF /* APIClient */ = {
			isa = PBXGroup;
			children = (
				BB487F0F2B598B710096BC3B /* RMService.swift */,
				BB487F152B598BA30096BC3B /* RMRequest.swift */,
				BB487F172B598C1B0096BC3B /* RMEndpoint.swift */,
			);
			path = APIClient;
			sourceTree = "<group>";
		};
		BB4059AE2B585C5A00296E30 = {
			isa = PBXGroup;
			children = (
				BB4059B92B585C5A00296E30 /* RickAndMorty */,
				BB4059B82B585C5A00296E30 /* Products */,
			);
			sourceTree = "<group>";
		};
		BB4059B82B585C5A00296E30 /* Products */ = {
			isa = PBXGroup;
			children = (
				BB4059B72B585C5A00296E30 /* RickAndMorty.app */,
			);
			name = Products;
			sourceTree = "<group>";
		};
		BB4059B92B585C5A00296E30 /* RickAndMorty */ = {
			isa = PBXGroup;
			children = (
				BB03697B2B585CC400FFFCFF /* APIClient */,
				BB03697A2B585CBE00FFFCFF /* Controllers */,
				BB0369792B585CBA00FFFCFF /* Managers */,
				BB0369782B585CB700FFFCFF /* Models */,
				BB0369772B585CA500FFFCFF /* Resources */,
				BB0369762B585CA000FFFCFF /* ViewModels */,
				BB0369752B585C9D00FFFCFF /* Views */,
				BB4059C82B585C5C00296E30 /* Info.plist */,
			);
			path = RickAndMorty;
			sourceTree = "<group>";
		};
		BB5113492B5A962E00D396E3 /* DataTypes */ = {
			isa = PBXGroup;
			children = (
				BB03697C2B585D0700FFFCFF /* RMCharacter.swift */,
				BB487F202B5993470096BC3B /* RMCharacterGender.swift */,
				BB487F1E2B5993270096BC3B /* RMCharacterStatus.swift */,
				BB487F192B5991C60096BC3B /* RMOrigin.swift */,
				BB487F1C2B5992290096BC3B /* RMSingleLocation.swift */,
				BB03697E2B585D0E00FFFCFF /* RMEpisode.swift */,
				BB0369802B585D1300FFFCFF /* RMLocation.swift */,
			);
			path = DataTypes;
			sourceTree = "<group>";
		};
		BB51134A2B5A964000D396E3 /* APIResponseTypes */ = {
			isa = PBXGroup;
			children = (
				BB51134D2B5A967200D396E3 /* RMGetAllCharactersResponse.swift */,
			);
			path = APIResponseTypes;
			sourceTree = "<group>";
		};
/* End PBXGroup section */

/* Begin PBXNativeTarget section */
		BB4059B62B585C5A00296E30 /* RickAndMorty */ = {
			isa = PBXNativeTarget;
			buildConfigurationList = BB4059CB2B585C5C00296E30 /* Build configuration list for PBXNativeTarget "RickAndMorty" */;
			buildPhases = (
				BB4059B32B585C5A00296E30 /* Sources */,
				BB4059B42B585C5A00296E30 /* Frameworks */,
				BB4059B52B585C5A00296E30 /* Resources */,
			);
			buildRules = (
			);
			dependencies = (
			);
			name = RickAndMorty;
			productName = RickAndMorty;
			productReference = BB4059B72B585C5A00296E30 /* RickAndMorty.app */;
			productType = "com.apple.product-type.application";
		};
/* End PBXNativeTarget section */

/* Begin PBXProject section */
		BB4059AF2B585C5A00296E30 /* Project object */ = {
			isa = PBXProject;
			attributes = {
				BuildIndependentTargetsInParallel = 1;
				LastSwiftUpdateCheck = 1520;
				LastUpgradeCheck = 1520;
				TargetAttributes = {
					BB4059B62B585C5A00296E30 = {
						CreatedOnToolsVersion = 15.2;
					};
				};
			};
			buildConfigurationList = BB4059B22B585C5A00296E30 /* Build configuration list for PBXProject "RickAndMorty" */;
			compatibilityVersion = "Xcode 14.0";
			developmentRegion = en;
			hasScannedForEncodings = 0;
			knownRegions = (
				en,
				Base,
			);
			mainGroup = BB4059AE2B585C5A00296E30;
			productRefGroup = BB4059B82B585C5A00296E30 /* Products */;
			projectDirPath = "";
			projectRoot = "";
			targets = (
				BB4059B62B585C5A00296E30 /* RickAndMorty */,
			);
		};
/* End PBXProject section */

/* Begin PBXResourcesBuildPhase section */
		BB4059B52B585C5A00296E30 /* Resources */ = {
			isa = PBXResourcesBuildPhase;
			buildActionMask = 2147483647;
			files = (
				BB4059C72B585C5C00296E30 /* LaunchScreen.storyboard in Resources */,
				BB4059C42B585C5C00296E30 /* Assets.xcassets in Resources */,
			);
			runOnlyForDeploymentPostprocessing = 0;
		};
/* End PBXResourcesBuildPhase section */

/* Begin PBXSourcesBuildPhase section */
		BB4059B32B585C5A00296E30 /* Sources */ = {
			isa = PBXSourcesBuildPhase;
			buildActionMask = 2147483647;
			files = (
				BB487F1A2B5991C60096BC3B /* RMOrigin.swift in Sources */,
				BB487F1D2B5992290096BC3B /* RMSingleLocation.swift in Sources */,
				BBE4AE182B5ACC3500593E8D /* RMCharacterListView.swift in Sources */,
				BB51134E2B5A967200D396E3 /* RMGetAllCharactersResponse.swift in Sources */,
				BB487F1F2B5993270096BC3B /* RMCharacterStatus.swift in Sources */,
				BB487F212B5993470096BC3B /* RMCharacterGender.swift in Sources */,
				BB0369892B585D4900FFFCFF /* RMLocationViewController.swift in Sources */,
				BB03697D2B585D0700FFFCFF /* RMCharacter.swift in Sources */,
				BB0369812B585D1300FFFCFF /* RMLocation.swift in Sources */,
				BBE4AE1C2B5AD2A700593E8D /* RMCharacterCollectionViewCell.swift in Sources */,
				BB03697F2B585D0E00FFFCFF /* RMEpisode.swift in Sources */,
				BB03698B2B585D4900FFFCFF /* RMSettingsViewController.swift in Sources */,
				BB03698A2B585D4900FFFCFF /* RMCharacterViewController.swift in Sources */,
				BB0369872B585D4900FFFCFF /* RMTabBarViewController.swift in Sources */,
				BB487F102B598B710096BC3B /* RMService.swift in Sources */,
				BB4059BB2B585C5A00296E30 /* AppDelegate.swift in Sources */,
				BB487F182B598C1B0096BC3B /* RMEndpoint.swift in Sources */,
				BBE4AE1A2B5ACED200593E8D /*  Extensions.swift in Sources */,
				BB4059BD2B585C5A00296E30 /* SceneDelegate.swift in Sources */,
				BBE4AE1E2B5AD3B800593E8D /* RMCharacterCollectionViewCellViewModel.swift in Sources */,
				BB487F162B598BA30096BC3B /* RMRequest.swift in Sources */,
				BBE4AE162B5ACBE100593E8D /* RMCharacterListViewViewModel.swift in Sources */,
				BB0369882B585D4900FFFCFF /* RMEpisodeViewController.swift in Sources */,
			);
			runOnlyForDeploymentPostprocessing = 0;
		};
/* End PBXSourcesBuildPhase section */

/* Begin PBXVariantGroup section */
		BB4059C52B585C5C00296E30 /* LaunchScreen.storyboard */ = {
			isa = PBXVariantGroup;
			children = (
				BB4059C62B585C5C00296E30 /* Base */,
			);
			name = LaunchScreen.storyboard;
			sourceTree = "<group>";
		};
/* End PBXVariantGroup section */

/* Begin XCBuildConfiguration section */
		BB4059C92B585C5C00296E30 /* Debug */ = {
			isa = XCBuildConfiguration;
			buildSettings = {
				ALWAYS_SEARCH_USER_PATHS = NO;
				ASSETCATALOG_COMPILER_GENERATE_SWIFT_ASSET_SYMBOL_EXTENSIONS = YES;
				CLANG_ANALYZER_NONNULL = YES;
				CLANG_ANALYZER_NUMBER_OBJECT_CONVERSION = YES_AGGRESSIVE;
				CLANG_CXX_LANGUAGE_STANDARD = "gnu++20";
				CLANG_ENABLE_MODULES = YES;
				CLANG_ENABLE_OBJC_ARC = YES;
				CLANG_ENABLE_OBJC_WEAK = YES;
				CLANG_WARN_BLOCK_CAPTURE_AUTORELEASING = YES;
				CLANG_WARN_BOOL_CONVERSION = YES;
				CLANG_WARN_COMMA = YES;
				CLANG_WARN_CONSTANT_CONVERSION = YES;
				CLANG_WARN_DEPRECATED_OBJC_IMPLEMENTATIONS = YES;
				CLANG_WARN_DIRECT_OBJC_ISA_USAGE = YES_ERROR;
				CLANG_WARN_DOCUMENTATION_COMMENTS = YES;
				CLANG_WARN_EMPTY_BODY = YES;
				CLANG_WARN_ENUM_CONVERSION = YES;
				CLANG_WARN_INFINITE_RECURSION = YES;
				CLANG_WARN_INT_CONVERSION = YES;
				CLANG_WARN_NON_LITERAL_NULL_CONVERSION = YES;
				CLANG_WARN_OBJC_IMPLICIT_RETAIN_SELF = YES;
				CLANG_WARN_OBJC_LITERAL_CONVERSION = YES;
				CLANG_WARN_OBJC_ROOT_CLASS = YES_ERROR;
				CLANG_WARN_QUOTED_INCLUDE_IN_FRAMEWORK_HEADER = YES;
				CLANG_WARN_RANGE_LOOP_ANALYSIS = YES;
				CLANG_WARN_STRICT_PROTOTYPES = YES;
				CLANG_WARN_SUSPICIOUS_MOVE = YES;
				CLANG_WARN_UNGUARDED_AVAILABILITY = YES_AGGRESSIVE;
				CLANG_WARN_UNREACHABLE_CODE = YES;
				CLANG_WARN__DUPLICATE_METHOD_MATCH = YES;
				COPY_PHASE_STRIP = NO;
				DEBUG_INFORMATION_FORMAT = dwarf;
				ENABLE_STRICT_OBJC_MSGSEND = YES;
				ENABLE_TESTABILITY = YES;
				ENABLE_USER_SCRIPT_SANDBOXING = YES;
				GCC_C_LANGUAGE_STANDARD = gnu17;
				GCC_DYNAMIC_NO_PIC = NO;
				GCC_NO_COMMON_BLOCKS = YES;
				GCC_OPTIMIZATION_LEVEL = 0;
				GCC_PREPROCESSOR_DEFINITIONS = (
					"DEBUG=1",
					"$(inherited)",
				);
				GCC_WARN_64_TO_32_BIT_CONVERSION = YES;
				GCC_WARN_ABOUT_RETURN_TYPE = YES_ERROR;
				GCC_WARN_UNDECLARED_SELECTOR = YES;
				GCC_WARN_UNINITIALIZED_AUTOS = YES_AGGRESSIVE;
				GCC_WARN_UNUSED_FUNCTION = YES;
				GCC_WARN_UNUSED_VARIABLE = YES;
				IPHONEOS_DEPLOYMENT_TARGET = 17.2;
				LOCALIZATION_PREFERS_STRING_CATALOGS = YES;
				MTL_ENABLE_DEBUG_INFO = INCLUDE_SOURCE;
				MTL_FAST_MATH = YES;
				ONLY_ACTIVE_ARCH = YES;
				SDKROOT = iphoneos;
				SWIFT_ACTIVE_COMPILATION_CONDITIONS = "DEBUG $(inherited)";
				SWIFT_OPTIMIZATION_LEVEL = "-Onone";
			};
			name = Debug;
		};
		BB4059CA2B585C5C00296E30 /* Release */ = {
			isa = XCBuildConfiguration;
			buildSettings = {
				ALWAYS_SEARCH_USER_PATHS = NO;
				ASSETCATALOG_COMPILER_GENERATE_SWIFT_ASSET_SYMBOL_EXTENSIONS = YES;
				CLANG_ANALYZER_NONNULL = YES;
				CLANG_ANALYZER_NUMBER_OBJECT_CONVERSION = YES_AGGRESSIVE;
				CLANG_CXX_LANGUAGE_STANDARD = "gnu++20";
				CLANG_ENABLE_MODULES = YES;
				CLANG_ENABLE_OBJC_ARC = YES;
				CLANG_ENABLE_OBJC_WEAK = YES;
				CLANG_WARN_BLOCK_CAPTURE_AUTORELEASING = YES;
				CLANG_WARN_BOOL_CONVERSION = YES;
				CLANG_WARN_COMMA = YES;
				CLANG_WARN_CONSTANT_CONVERSION = YES;
				CLANG_WARN_DEPRECATED_OBJC_IMPLEMENTATIONS = YES;
				CLANG_WARN_DIRECT_OBJC_ISA_USAGE = YES_ERROR;
				CLANG_WARN_DOCUMENTATION_COMMENTS = YES;
				CLANG_WARN_EMPTY_BODY = YES;
				CLANG_WARN_ENUM_CONVERSION = YES;
				CLANG_WARN_INFINITE_RECURSION = YES;
				CLANG_WARN_INT_CONVERSION = YES;
				CLANG_WARN_NON_LITERAL_NULL_CONVERSION = YES;
				CLANG_WARN_OBJC_IMPLICIT_RETAIN_SELF = YES;
				CLANG_WARN_OBJC_LITERAL_CONVERSION = YES;
				CLANG_WARN_OBJC_ROOT_CLASS = YES_ERROR;
				CLANG_WARN_QUOTED_INCLUDE_IN_FRAMEWORK_HEADER = YES;
				CLANG_WARN_RANGE_LOOP_ANALYSIS = YES;
				CLANG_WARN_STRICT_PROTOTYPES = YES;
				CLANG_WARN_SUSPICIOUS_MOVE = YES;
				CLANG_WARN_UNGUARDED_AVAILABILITY = YES_AGGRESSIVE;
				CLANG_WARN_UNREACHABLE_CODE = YES;
				CLANG_WARN__DUPLICATE_METHOD_MATCH = YES;
				COPY_PHASE_STRIP = NO;
				DEBUG_INFORMATION_FORMAT = "dwarf-with-dsym";
				ENABLE_NS_ASSERTIONS = NO;
				ENABLE_STRICT_OBJC_MSGSEND = YES;
				ENABLE_USER_SCRIPT_SANDBOXING = YES;
				GCC_C_LANGUAGE_STANDARD = gnu17;
				GCC_NO_COMMON_BLOCKS = YES;
				GCC_WARN_64_TO_32_BIT_CONVERSION = YES;
				GCC_WARN_ABOUT_RETURN_TYPE = YES_ERROR;
				GCC_WARN_UNDECLARED_SELECTOR = YES;
				GCC_WARN_UNINITIALIZED_AUTOS = YES_AGGRESSIVE;
				GCC_WARN_UNUSED_FUNCTION = YES;
				GCC_WARN_UNUSED_VARIABLE = YES;
				IPHONEOS_DEPLOYMENT_TARGET = 17.2;
				LOCALIZATION_PREFERS_STRING_CATALOGS = YES;
				MTL_ENABLE_DEBUG_INFO = NO;
				MTL_FAST_MATH = YES;
				SDKROOT = iphoneos;
				SWIFT_COMPILATION_MODE = wholemodule;
				VALIDATE_PRODUCT = YES;
			};
			name = Release;
		};
		BB4059CC2B585C5C00296E30 /* Debug */ = {
			isa = XCBuildConfiguration;
			buildSettings = {
				ASSETCATALOG_COMPILER_APPICON_NAME = AppIcon;
				ASSETCATALOG_COMPILER_GLOBAL_ACCENT_COLOR_NAME = AccentColor;
				CODE_SIGN_STYLE = Automatic;
				CURRENT_PROJECT_VERSION = 1;
				DEVELOPMENT_TEAM = SF69972TN6;
				GENERATE_INFOPLIST_FILE = YES;
				INFOPLIST_FILE = RickAndMorty/Info.plist;
				INFOPLIST_KEY_UIApplicationSupportsIndirectInputEvents = YES;
				INFOPLIST_KEY_UILaunchStoryboardName = LaunchScreen;
				INFOPLIST_KEY_UISupportedInterfaceOrientations_iPad = "UIInterfaceOrientationPortrait UIInterfaceOrientationPortraitUpsideDown UIInterfaceOrientationLandscapeLeft UIInterfaceOrientationLandscapeRight";
				INFOPLIST_KEY_UISupportedInterfaceOrientations_iPhone = "UIInterfaceOrientationPortrait UIInterfaceOrientationLandscapeLeft UIInterfaceOrientationLandscapeRight";
				IPHONEOS_DEPLOYMENT_TARGET = 16.6;
				LD_RUNPATH_SEARCH_PATHS = (
					"$(inherited)",
					"@executable_path/Frameworks",
				);
				MARKETING_VERSION = 1.0;
				PRODUCT_BUNDLE_IDENTIFIER = com.smk.RickAndMorty;
				PRODUCT_NAME = "$(TARGET_NAME)";
				SWIFT_EMIT_LOC_STRINGS = YES;
				SWIFT_VERSION = 5.0;
				TARGETED_DEVICE_FAMILY = "1,2";
			};
			name = Debug;
		};
		BB4059CD2B585C5C00296E30 /* Release */ = {
			isa = XCBuildConfiguration;
			buildSettings = {
				ASSETCATALOG_COMPILER_APPICON_NAME = AppIcon;
				ASSETCATALOG_COMPILER_GLOBAL_ACCENT_COLOR_NAME = AccentColor;
				CODE_SIGN_STYLE = Automatic;
				CURRENT_PROJECT_VERSION = 1;
				DEVELOPMENT_TEAM = SF69972TN6;
				GENERATE_INFOPLIST_FILE = YES;
				INFOPLIST_FILE = RickAndMorty/Info.plist;
				INFOPLIST_KEY_UIApplicationSupportsIndirectInputEvents = YES;
				INFOPLIST_KEY_UILaunchStoryboardName = LaunchScreen;
				INFOPLIST_KEY_UISupportedInterfaceOrientations_iPad = "UIInterfaceOrientationPortrait UIInterfaceOrientationPortraitUpsideDown UIInterfaceOrientationLandscapeLeft UIInterfaceOrientationLandscapeRight";
				INFOPLIST_KEY_UISupportedInterfaceOrientations_iPhone = "UIInterfaceOrientationPortrait UIInterfaceOrientationLandscapeLeft UIInterfaceOrientationLandscapeRight";
				IPHONEOS_DEPLOYMENT_TARGET = 16.6;
				LD_RUNPATH_SEARCH_PATHS = (
					"$(inherited)",
					"@executable_path/Frameworks",
				);
				MARKETING_VERSION = 1.0;
				PRODUCT_BUNDLE_IDENTIFIER = com.smk.RickAndMorty;
				PRODUCT_NAME = "$(TARGET_NAME)";
				SWIFT_EMIT_LOC_STRINGS = YES;
				SWIFT_VERSION = 5.0;
				TARGETED_DEVICE_FAMILY = "1,2";
			};
			name = Release;
		};
/* End XCBuildConfiguration section */

/* Begin XCConfigurationList section */
		BB4059B22B585C5A00296E30 /* Build configuration list for PBXProject "RickAndMorty" */ = {
			isa = XCConfigurationList;
			buildConfigurations = (
				BB4059C92B585C5C00296E30 /* Debug */,
				BB4059CA2B585C5C00296E30 /* Release */,
			);
			defaultConfigurationIsVisible = 0;
			defaultConfigurationName = Release;
		};
		BB4059CB2B585C5C00296E30 /* Build configuration list for PBXNativeTarget "RickAndMorty" */ = {
			isa = XCConfigurationList;
			buildConfigurations = (
				BB4059CC2B585C5C00296E30 /* Debug */,
				BB4059CD2B585C5C00296E30 /* Release */,
			);
			defaultConfigurationIsVisible = 0;
			defaultConfigurationName = Release;
		};
/* End XCConfigurationList section */
	};
	rootObject = BB4059AF2B585C5A00296E30 /* Project object */;
}
