// !$*UTF8*$!
{
	archiveVersion = 1;
	classes = {
	};
	objectVersion = 56;
	objects = {

/* Begin PBXBuildFile section */
		BB03697D2B585D0700FFFCFF /* RMCharacter.swift in Sources */ = {isa = PBXBuildFile; fileRef = BB03697C2B585D0700FFFCFF /* RMCharacter.swift */; };
		BB03697F2B585D0E00FFFCFF /* RMEpisode.swift in Sources */ = {isa = PBXBuildFile; fileRef = BB03697E2B585D0E00FFFCFF /* RMEpisode.swift */; };
		BB0369812B585D1300FFFCFF /* RMLocation.swift in Sources */ = {isa = PBXBuildFile; fileRef = BB0369802B585D1300FFFCFF /* RMLocation.swift */; };
		BB0369872B585D4900FFFCFF /* RMTabBarViewController.swift in Sources */ = {isa = PBXBuildFile; fileRef = BB0369822B585D4900FFFCFF /* RMTabBarViewController.swift */; };
		BB0369882B585D4900FFFCFF /* RMEpisodeViewController.swift in Sources */ = {isa = PBXBuildFile; fileRef = BB0369832B585D4900FFFCFF /* RMEpisodeViewController.swift */; };
		BB0369892B585D4900FFFCFF /* RMLocationViewController.swift in Sources */ = {isa = PBXBuildFile; fileRef = BB0369842B585D4900FFFCFF /* RMLocationViewController.swift */; };
		BB03698A2B585D4900FFFCFF /* RMCharacterViewController.swift in Sources */ = {isa = PBXBuildFile; fileRef = BB0369852B585D4900FFFCFF /* RMCharacterViewController.swift */; };
		BB03698B2B585D4900FFFCFF /* RMSettingsViewController.swift in Sources */ = {isa = PBXBuildFile; fileRef = BB0369862B585D4900FFFCFF /* RMSettingsViewController.swift */; };
		BB0E82572B7A1D3A00203F5D /* RMSearchView.swift in Sources */ = {isa = PBXBuildFile; fileRef = BB0E82562B7A1D3A00203F5D /* RMSearchView.swift */; };
		BB0E82592B7A1E1600203F5D /* RMSearchViewViewModel.swift in Sources */ = {isa = PBXBuildFile; fileRef = BB0E82582B7A1E1600203F5D /* RMSearchViewViewModel.swift */; };
		BB0E825B2B7A1FA600203F5D /* RMNoSearchResultsView.swift in Sources */ = {isa = PBXBuildFile; fileRef = BB0E825A2B7A1FA600203F5D /* RMNoSearchResultsView.swift */; };
		BB0E825E2B7A1FD000203F5D /* RMNoSearchResultsViewViewModel.swift in Sources */ = {isa = PBXBuildFile; fileRef = BB0E825D2B7A1FD000203F5D /* RMNoSearchResultsViewViewModel.swift */; };
		BB0E82602B7A200000203F5D /* RMSearchInputView.swift in Sources */ = {isa = PBXBuildFile; fileRef = BB0E825F2B7A200000203F5D /* RMSearchInputView.swift */; };
		BB0E82622B7A201E00203F5D /* RMSearchInputViewViewModel.swift in Sources */ = {isa = PBXBuildFile; fileRef = BB0E82612B7A201E00203F5D /* RMSearchInputViewViewModel.swift */; };
		BB139EA02B6E503E00CDF9E0 /* RMEpisodeInfoCollectionViewCell.swift in Sources */ = {isa = PBXBuildFile; fileRef = BB139E9F2B6E503E00CDF9E0 /* RMEpisodeInfoCollectionViewCell.swift */; };
		BB139EA32B6E506B00CDF9E0 /* RMEpisodeInfoCollectionViewCellViewModel.swift in Sources */ = {isa = PBXBuildFile; fileRef = BB139EA22B6E506B00CDF9E0 /* RMEpisodeInfoCollectionViewCellViewModel.swift */; };
		BB139EA62B6E631A00CDF9E0 /* RMSettingsViewViewModel.swift in Sources */ = {isa = PBXBuildFile; fileRef = BB139EA52B6E631A00CDF9E0 /* RMSettingsViewViewModel.swift */; };
		BB139EA82B6E635500CDF9E0 /* RMSettingsCellViewModel.swift in Sources */ = {isa = PBXBuildFile; fileRef = BB139EA72B6E635500CDF9E0 /* RMSettingsCellViewModel.swift */; };
		BB139EAA2B6E63D100CDF9E0 /* RMSettingsOption.swift in Sources */ = {isa = PBXBuildFile; fileRef = BB139EA92B6E63D100CDF9E0 /* RMSettingsOption.swift */; };
		BB139EAD2B6E9A6400CDF9E0 /* RMSettingsView.swift in Sources */ = {isa = PBXBuildFile; fileRef = BB139EAC2B6E9A6400CDF9E0 /* RMSettingsView.swift */; };
		BB19C03D2B5BC903002575B6 /* RMCharacterDetailViewController.swift in Sources */ = {isa = PBXBuildFile; fileRef = BB19C03C2B5BC903002575B6 /* RMCharacterDetailViewController.swift */; };
		BB19C03F2B5BC986002575B6 /* RMCharacterDetailView.swift in Sources */ = {isa = PBXBuildFile; fileRef = BB19C03E2B5BC986002575B6 /* RMCharacterDetailView.swift */; };
		BB19C0412B5BC99E002575B6 /* RMCharacterDetailViewViewModel.swift in Sources */ = {isa = PBXBuildFile; fileRef = BB19C0402B5BC99E002575B6 /* RMCharacterDetailViewViewModel.swift */; };
		BB19C0432B5BD649002575B6 /* RMFooterLoadingCollectionReusableView.swift in Sources */ = {isa = PBXBuildFile; fileRef = BB19C0422B5BD649002575B6 /* RMFooterLoadingCollectionReusableView.swift */; };
		BB372AB62B84F35B00734C03 /* RMSearchResultViewModel.swift in Sources */ = {isa = PBXBuildFile; fileRef = BB372AB52B84F35B00734C03 /* RMSearchResultViewModel.swift */; };
		BB38B5D32B5EB00400187B57 /* RMCharacterPhotoCollectionViewCell.swift in Sources */ = {isa = PBXBuildFile; fileRef = BB38B5D22B5EB00400187B57 /* RMCharacterPhotoCollectionViewCell.swift */; };
		BB38B5D52B5EB00C00187B57 /* RMCharacterInfoCollectionViewCell.swift in Sources */ = {isa = PBXBuildFile; fileRef = BB38B5D42B5EB00C00187B57 /* RMCharacterInfoCollectionViewCell.swift */; };
		BB38B5D72B5EB01500187B57 /* RMCharacterEpisodeCollectionViewCell.swift in Sources */ = {isa = PBXBuildFile; fileRef = BB38B5D62B5EB01500187B57 /* RMCharacterEpisodeCollectionViewCell.swift */; };
		BB38B5DA2B5EB08100187B57 /* RMCharacterPhotoCollectionViewCellViewModel.swift in Sources */ = {isa = PBXBuildFile; fileRef = BB38B5D92B5EB08100187B57 /* RMCharacterPhotoCollectionViewCellViewModel.swift */; };
		BB38B5DC2B5EB08B00187B57 /* RMCharacterInfoCollectionViewCellViewModel.swift in Sources */ = {isa = PBXBuildFile; fileRef = BB38B5DB2B5EB08B00187B57 /* RMCharacterInfoCollectionViewCellViewModel.swift */; };
		BB38B5DE2B5EB09800187B57 /* RMCharacterEpisodeCollectionViewCellViewModel.swift in Sources */ = {isa = PBXBuildFile; fileRef = BB38B5DD2B5EB09800187B57 /* RMCharacterEpisodeCollectionViewCellViewModel.swift */; };
		BB3E6D3B2B6CF82A00E0C116 /* RMSearchViewController.swift in Sources */ = {isa = PBXBuildFile; fileRef = BB3E6D3A2B6CF82A00E0C116 /* RMSearchViewController.swift */; };
		BB4059BB2B585C5A00296E30 /* AppDelegate.swift in Sources */ = {isa = PBXBuildFile; fileRef = BB4059BA2B585C5A00296E30 /* AppDelegate.swift */; };
		BB4059BD2B585C5A00296E30 /* SceneDelegate.swift in Sources */ = {isa = PBXBuildFile; fileRef = BB4059BC2B585C5A00296E30 /* SceneDelegate.swift */; };
		BB4059C42B585C5C00296E30 /* Assets.xcassets in Resources */ = {isa = PBXBuildFile; fileRef = BB4059C32B585C5C00296E30 /* Assets.xcassets */; };
		BB4059C72B585C5C00296E30 /* LaunchScreen.storyboard in Resources */ = {isa = PBXBuildFile; fileRef = BB4059C52B585C5C00296E30 /* LaunchScreen.storyboard */; };
		BB4300562B7A6638003E5CAE /* RMSearchOptionPickerViewController.swift in Sources */ = {isa = PBXBuildFile; fileRef = BB4300552B7A6638003E5CAE /* RMSearchOptionPickerViewController.swift */; };
		BB4389022B73FCCA003A7157 /* RMLocationView.swift in Sources */ = {isa = PBXBuildFile; fileRef = BB4389012B73FCCA003A7157 /* RMLocationView.swift */; };
		BB4389042B73FF0E003A7157 /* RMLocationViewViewModel.swift in Sources */ = {isa = PBXBuildFile; fileRef = BB4389032B73FF0E003A7157 /* RMLocationViewViewModel.swift */; };
		BB4389062B7401FD003A7157 /* RMGetAllLocationsResponse.swift in Sources */ = {isa = PBXBuildFile; fileRef = BB4389052B7401FD003A7157 /* RMGetAllLocationsResponse.swift */; };
		BB4389082B740333003A7157 /* RMLocationTableViewCell.swift in Sources */ = {isa = PBXBuildFile; fileRef = BB4389072B740333003A7157 /* RMLocationTableViewCell.swift */; };
		BB43890B2B740399003A7157 /* RMLocationTableViewCellViewModel.swift in Sources */ = {isa = PBXBuildFile; fileRef = BB43890A2B740399003A7157 /* RMLocationTableViewCellViewModel.swift */; };
		BB487F102B598B710096BC3B /* RMService.swift in Sources */ = {isa = PBXBuildFile; fileRef = BB487F0F2B598B710096BC3B /* RMService.swift */; };
		BB487F162B598BA30096BC3B /* RMRequest.swift in Sources */ = {isa = PBXBuildFile; fileRef = BB487F152B598BA30096BC3B /* RMRequest.swift */; };
		BB487F182B598C1B0096BC3B /* RMEndpoint.swift in Sources */ = {isa = PBXBuildFile; fileRef = BB487F172B598C1B0096BC3B /* RMEndpoint.swift */; };
		BB487F1A2B5991C60096BC3B /* RMOrigin.swift in Sources */ = {isa = PBXBuildFile; fileRef = BB487F192B5991C60096BC3B /* RMOrigin.swift */; };
		BB487F1D2B5992290096BC3B /* RMSingleLocation.swift in Sources */ = {isa = PBXBuildFile; fileRef = BB487F1C2B5992290096BC3B /* RMSingleLocation.swift */; };
		BB487F1F2B5993270096BC3B /* RMCharacterStatus.swift in Sources */ = {isa = PBXBuildFile; fileRef = BB487F1E2B5993270096BC3B /* RMCharacterStatus.swift */; };
		BB487F212B5993470096BC3B /* RMCharacterGender.swift in Sources */ = {isa = PBXBuildFile; fileRef = BB487F202B5993470096BC3B /* RMCharacterGender.swift */; };
		BB51134E2B5A967200D396E3 /* RMGetAllCharactersResponse.swift in Sources */ = {isa = PBXBuildFile; fileRef = BB51134D2B5A967200D396E3 /* RMGetAllCharactersResponse.swift */; };
		BBA4BC542B5C23E1000ED04F /* RMImageLoader.swift in Sources */ = {isa = PBXBuildFile; fileRef = BBA4BC532B5C23E1000ED04F /* RMImageLoader.swift */; };
		BBB4D1AE2B63B9D30014AC45 /* RMEpisodeDetailViewController.swift in Sources */ = {isa = PBXBuildFile; fileRef = BBB4D1AD2B63B9D30014AC45 /* RMEpisodeDetailViewController.swift */; };
		BBB4D1B22B63C8140014AC45 /* RMEpisodeDetailViewViewModel.swift in Sources */ = {isa = PBXBuildFile; fileRef = BBB4D1B12B63C8140014AC45 /* RMEpisodeDetailViewViewModel.swift */; };
		BBB4D1B42B63C8870014AC45 /* RMEpisodeDetailView.swift in Sources */ = {isa = PBXBuildFile; fileRef = BBB4D1B32B63C8870014AC45 /* RMEpisodeDetailView.swift */; };
		BBB4D1B92B6403C60014AC45 /* RMEpisodeListView.swift in Sources */ = {isa = PBXBuildFile; fileRef = BBB4D1B82B6403C60014AC45 /* RMEpisodeListView.swift */; };
		BBB4D1BB2B6406880014AC45 /* RMEpisodeListViewViewModel.swift in Sources */ = {isa = PBXBuildFile; fileRef = BBB4D1BA2B6406880014AC45 /* RMEpisodeListViewViewModel.swift */; };
		BBB4D1BD2B6409080014AC45 /* RMGetAllEpisodesResponse.swift in Sources */ = {isa = PBXBuildFile; fileRef = BBB4D1BC2B6409080014AC45 /* RMGetAllEpisodesResponse.swift */; };
		BBDB5AFF2B76B3EB00AB4F0F /* RMLocationDetailViewController.swift in Sources */ = {isa = PBXBuildFile; fileRef = BBDB5AFE2B76B3EB00AB4F0F /* RMLocationDetailViewController.swift */; };
		BBDB5B022B76B56800AB4F0F /* RMLocationDetailView.swift in Sources */ = {isa = PBXBuildFile; fileRef = BBDB5B012B76B56800AB4F0F /* RMLocationDetailView.swift */; };
		BBDB5B042B76B6AB00AB4F0F /* RMLocationDetailViewViewModel.swift in Sources */ = {isa = PBXBuildFile; fileRef = BBDB5B032B76B6AB00AB4F0F /* RMLocationDetailViewViewModel.swift */; };
		BBE4AE162B5ACBE100593E8D /* RMCharacterListViewViewModel.swift in Sources */ = {isa = PBXBuildFile; fileRef = BBE4AE152B5ACBE100593E8D /* RMCharacterListViewViewModel.swift */; };
		BBE4AE182B5ACC3500593E8D /* RMCharacterListView.swift in Sources */ = {isa = PBXBuildFile; fileRef = BBE4AE172B5ACC3500593E8D /* RMCharacterListView.swift */; };
		BBE4AE1A2B5ACED200593E8D /* Extensions.swift in Sources */ = {isa = PBXBuildFile; fileRef = BBE4AE192B5ACED200593E8D /* Extensions.swift */; };
		BBE4AE1C2B5AD2A700593E8D /* RMCharacterCollectionViewCell.swift in Sources */ = {isa = PBXBuildFile; fileRef = BBE4AE1B2B5AD2A700593E8D /* RMCharacterCollectionViewCell.swift */; };
		BBE4AE1E2B5AD3B800593E8D /* RMCharacterCollectionViewCellViewModel.swift in Sources */ = {isa = PBXBuildFile; fileRef = BBE4AE1D2B5AD3B800593E8D /* RMCharacterCollectionViewCellViewModel.swift */; };
/* End PBXBuildFile section */

/* Begin PBXFileReference section */
		BB03697C2B585D0700FFFCFF /* RMCharacter.swift */ = {isa = PBXFileReference; lastKnownFileType = sourcecode.swift; path = RMCharacter.swift; sourceTree = "<group>"; };
		BB03697E2B585D0E00FFFCFF /* RMEpisode.swift */ = {isa = PBXFileReference; lastKnownFileType = sourcecode.swift; path = RMEpisode.swift; sourceTree = "<group>"; };
		BB0369802B585D1300FFFCFF /* RMLocation.swift */ = {isa = PBXFileReference; lastKnownFileType = sourcecode.swift; path = RMLocation.swift; sourceTree = "<group>"; };
		BB0369822B585D4900FFFCFF /* RMTabBarViewController.swift */ = {isa = PBXFileReference; fileEncoding = 4; lastKnownFileType = sourcecode.swift; path = RMTabBarViewController.swift; sourceTree = "<group>"; };
		BB0369832B585D4900FFFCFF /* RMEpisodeViewController.swift */ = {isa = PBXFileReference; fileEncoding = 4; lastKnownFileType = sourcecode.swift; path = RMEpisodeViewController.swift; sourceTree = "<group>"; };
		BB0369842B585D4900FFFCFF /* RMLocationViewController.swift */ = {isa = PBXFileReference; fileEncoding = 4; lastKnownFileType = sourcecode.swift; path = RMLocationViewController.swift; sourceTree = "<group>"; };
		BB0369852B585D4900FFFCFF /* RMCharacterViewController.swift */ = {isa = PBXFileReference; fileEncoding = 4; lastKnownFileType = sourcecode.swift; path = RMCharacterViewController.swift; sourceTree = "<group>"; };
		BB0369862B585D4900FFFCFF /* RMSettingsViewController.swift */ = {isa = PBXFileReference; fileEncoding = 4; lastKnownFileType = sourcecode.swift; path = RMSettingsViewController.swift; sourceTree = "<group>"; };
		BB0E82562B7A1D3A00203F5D /* RMSearchView.swift */ = {isa = PBXFileReference; lastKnownFileType = sourcecode.swift; path = RMSearchView.swift; sourceTree = "<group>"; };
		BB0E82582B7A1E1600203F5D /* RMSearchViewViewModel.swift */ = {isa = PBXFileReference; lastKnownFileType = sourcecode.swift; path = RMSearchViewViewModel.swift; sourceTree = "<group>"; };
		BB0E825A2B7A1FA600203F5D /* RMNoSearchResultsView.swift */ = {isa = PBXFileReference; lastKnownFileType = sourcecode.swift; path = RMNoSearchResultsView.swift; sourceTree = "<group>"; };
		BB0E825D2B7A1FD000203F5D /* RMNoSearchResultsViewViewModel.swift */ = {isa = PBXFileReference; lastKnownFileType = sourcecode.swift; path = RMNoSearchResultsViewViewModel.swift; sourceTree = "<group>"; };
		BB0E825F2B7A200000203F5D /* RMSearchInputView.swift */ = {isa = PBXFileReference; lastKnownFileType = sourcecode.swift; path = RMSearchInputView.swift; sourceTree = "<group>"; };
		BB0E82612B7A201E00203F5D /* RMSearchInputViewViewModel.swift */ = {isa = PBXFileReference; lastKnownFileType = sourcecode.swift; path = RMSearchInputViewViewModel.swift; sourceTree = "<group>"; };
		BB139E9F2B6E503E00CDF9E0 /* RMEpisodeInfoCollectionViewCell.swift */ = {isa = PBXFileReference; lastKnownFileType = sourcecode.swift; path = RMEpisodeInfoCollectionViewCell.swift; sourceTree = "<group>"; };
		BB139EA22B6E506B00CDF9E0 /* RMEpisodeInfoCollectionViewCellViewModel.swift */ = {isa = PBXFileReference; lastKnownFileType = sourcecode.swift; path = RMEpisodeInfoCollectionViewCellViewModel.swift; sourceTree = "<group>"; };
		BB139EA52B6E631A00CDF9E0 /* RMSettingsViewViewModel.swift */ = {isa = PBXFileReference; lastKnownFileType = sourcecode.swift; path = RMSettingsViewViewModel.swift; sourceTree = "<group>"; };
		BB139EA72B6E635500CDF9E0 /* RMSettingsCellViewModel.swift */ = {isa = PBXFileReference; lastKnownFileType = sourcecode.swift; path = RMSettingsCellViewModel.swift; sourceTree = "<group>"; };
		BB139EA92B6E63D100CDF9E0 /* RMSettingsOption.swift */ = {isa = PBXFileReference; lastKnownFileType = sourcecode.swift; path = RMSettingsOption.swift; sourceTree = "<group>"; };
		BB139EAC2B6E9A6400CDF9E0 /* RMSettingsView.swift */ = {isa = PBXFileReference; lastKnownFileType = sourcecode.swift; path = RMSettingsView.swift; sourceTree = "<group>"; };
		BB19C03C2B5BC903002575B6 /* RMCharacterDetailViewController.swift */ = {isa = PBXFileReference; lastKnownFileType = sourcecode.swift; path = RMCharacterDetailViewController.swift; sourceTree = "<group>"; };
		BB19C03E2B5BC986002575B6 /* RMCharacterDetailView.swift */ = {isa = PBXFileReference; lastKnownFileType = sourcecode.swift; path = RMCharacterDetailView.swift; sourceTree = "<group>"; };
		BB19C0402B5BC99E002575B6 /* RMCharacterDetailViewViewModel.swift */ = {isa = PBXFileReference; lastKnownFileType = sourcecode.swift; path = RMCharacterDetailViewViewModel.swift; sourceTree = "<group>"; };
		BB19C0422B5BD649002575B6 /* RMFooterLoadingCollectionReusableView.swift */ = {isa = PBXFileReference; lastKnownFileType = sourcecode.swift; path = RMFooterLoadingCollectionReusableView.swift; sourceTree = "<group>"; };
		BB372AB52B84F35B00734C03 /* RMSearchResultViewModel.swift */ = {isa = PBXFileReference; lastKnownFileType = sourcecode.swift; path = RMSearchResultViewModel.swift; sourceTree = "<group>"; };
		BB38B5D22B5EB00400187B57 /* RMCharacterPhotoCollectionViewCell.swift */ = {isa = PBXFileReference; lastKnownFileType = sourcecode.swift; path = RMCharacterPhotoCollectionViewCell.swift; sourceTree = "<group>"; };
		BB38B5D42B5EB00C00187B57 /* RMCharacterInfoCollectionViewCell.swift */ = {isa = PBXFileReference; lastKnownFileType = sourcecode.swift; path = RMCharacterInfoCollectionViewCell.swift; sourceTree = "<group>"; };
		BB38B5D62B5EB01500187B57 /* RMCharacterEpisodeCollectionViewCell.swift */ = {isa = PBXFileReference; lastKnownFileType = sourcecode.swift; path = RMCharacterEpisodeCollectionViewCell.swift; sourceTree = "<group>"; };
		BB38B5D92B5EB08100187B57 /* RMCharacterPhotoCollectionViewCellViewModel.swift */ = {isa = PBXFileReference; lastKnownFileType = sourcecode.swift; path = RMCharacterPhotoCollectionViewCellViewModel.swift; sourceTree = "<group>"; };
		BB38B5DB2B5EB08B00187B57 /* RMCharacterInfoCollectionViewCellViewModel.swift */ = {isa = PBXFileReference; lastKnownFileType = sourcecode.swift; path = RMCharacterInfoCollectionViewCellViewModel.swift; sourceTree = "<group>"; };
		BB38B5DD2B5EB09800187B57 /* RMCharacterEpisodeCollectionViewCellViewModel.swift */ = {isa = PBXFileReference; lastKnownFileType = sourcecode.swift; path = RMCharacterEpisodeCollectionViewCellViewModel.swift; sourceTree = "<group>"; };
		BB3E6D3A2B6CF82A00E0C116 /* RMSearchViewController.swift */ = {isa = PBXFileReference; lastKnownFileType = sourcecode.swift; path = RMSearchViewController.swift; sourceTree = "<group>"; };
		BB4059B72B585C5A00296E30 /* RickAndMorty.app */ = {isa = PBXFileReference; explicitFileType = wrapper.application; includeInIndex = 0; path = RickAndMorty.app; sourceTree = BUILT_PRODUCTS_DIR; };
		BB4059BA2B585C5A00296E30 /* AppDelegate.swift */ = {isa = PBXFileReference; lastKnownFileType = sourcecode.swift; path = AppDelegate.swift; sourceTree = "<group>"; };
		BB4059BC2B585C5A00296E30 /* SceneDelegate.swift */ = {isa = PBXFileReference; lastKnownFileType = sourcecode.swift; path = SceneDelegate.swift; sourceTree = "<group>"; };
		BB4059C32B585C5C00296E30 /* Assets.xcassets */ = {isa = PBXFileReference; lastKnownFileType = folder.assetcatalog; path = Assets.xcassets; sourceTree = "<group>"; };
		BB4059C62B585C5C00296E30 /* Base */ = {isa = PBXFileReference; lastKnownFileType = file.storyboard; name = Base; path = Base.lproj/LaunchScreen.storyboard; sourceTree = "<group>"; };
		BB4059C82B585C5C00296E30 /* Info.plist */ = {isa = PBXFileReference; lastKnownFileType = text.plist.xml; path = Info.plist; sourceTree = "<group>"; };
		BB4300552B7A6638003E5CAE /* RMSearchOptionPickerViewController.swift */ = {isa = PBXFileReference; lastKnownFileType = sourcecode.swift; path = RMSearchOptionPickerViewController.swift; sourceTree = "<group>"; };
		BB4389012B73FCCA003A7157 /* RMLocationView.swift */ = {isa = PBXFileReference; lastKnownFileType = sourcecode.swift; path = RMLocationView.swift; sourceTree = "<group>"; };
		BB4389032B73FF0E003A7157 /* RMLocationViewViewModel.swift */ = {isa = PBXFileReference; lastKnownFileType = sourcecode.swift; path = RMLocationViewViewModel.swift; sourceTree = "<group>"; };
		BB4389052B7401FD003A7157 /* RMGetAllLocationsResponse.swift */ = {isa = PBXFileReference; lastKnownFileType = sourcecode.swift; path = RMGetAllLocationsResponse.swift; sourceTree = "<group>"; };
		BB4389072B740333003A7157 /* RMLocationTableViewCell.swift */ = {isa = PBXFileReference; lastKnownFileType = sourcecode.swift; path = RMLocationTableViewCell.swift; sourceTree = "<group>"; };
		BB43890A2B740399003A7157 /* RMLocationTableViewCellViewModel.swift */ = {isa = PBXFileReference; lastKnownFileType = sourcecode.swift; path = RMLocationTableViewCellViewModel.swift; sourceTree = "<group>"; };
		BB487F0F2B598B710096BC3B /* RMService.swift */ = {isa = PBXFileReference; lastKnownFileType = sourcecode.swift; path = RMService.swift; sourceTree = "<group>"; };
		BB487F152B598BA30096BC3B /* RMRequest.swift */ = {isa = PBXFileReference; lastKnownFileType = sourcecode.swift; path = RMRequest.swift; sourceTree = "<group>"; };
		BB487F172B598C1B0096BC3B /* RMEndpoint.swift */ = {isa = PBXFileReference; lastKnownFileType = sourcecode.swift; path = RMEndpoint.swift; sourceTree = "<group>"; };
		BB487F192B5991C60096BC3B /* RMOrigin.swift */ = {isa = PBXFileReference; lastKnownFileType = sourcecode.swift; path = RMOrigin.swift; sourceTree = "<group>"; };
		BB487F1C2B5992290096BC3B /* RMSingleLocation.swift */ = {isa = PBXFileReference; lastKnownFileType = sourcecode.swift; path = RMSingleLocation.swift; sourceTree = "<group>"; };
		BB487F1E2B5993270096BC3B /* RMCharacterStatus.swift */ = {isa = PBXFileReference; lastKnownFileType = sourcecode.swift; path = RMCharacterStatus.swift; sourceTree = "<group>"; };
		BB487F202B5993470096BC3B /* RMCharacterGender.swift */ = {isa = PBXFileReference; lastKnownFileType = sourcecode.swift; path = RMCharacterGender.swift; sourceTree = "<group>"; };
		BB51134D2B5A967200D396E3 /* RMGetAllCharactersResponse.swift */ = {isa = PBXFileReference; lastKnownFileType = sourcecode.swift; path = RMGetAllCharactersResponse.swift; sourceTree = "<group>"; };
		BBA4BC532B5C23E1000ED04F /* RMImageLoader.swift */ = {isa = PBXFileReference; lastKnownFileType = sourcecode.swift; path = RMImageLoader.swift; sourceTree = "<group>"; };
		BBB4D1AD2B63B9D30014AC45 /* RMEpisodeDetailViewController.swift */ = {isa = PBXFileReference; lastKnownFileType = sourcecode.swift; path = RMEpisodeDetailViewController.swift; sourceTree = "<group>"; };
		BBB4D1B12B63C8140014AC45 /* RMEpisodeDetailViewViewModel.swift */ = {isa = PBXFileReference; lastKnownFileType = sourcecode.swift; path = RMEpisodeDetailViewViewModel.swift; sourceTree = "<group>"; };
		BBB4D1B32B63C8870014AC45 /* RMEpisodeDetailView.swift */ = {isa = PBXFileReference; lastKnownFileType = sourcecode.swift; path = RMEpisodeDetailView.swift; sourceTree = "<group>"; };
		BBB4D1B82B6403C60014AC45 /* RMEpisodeListView.swift */ = {isa = PBXFileReference; lastKnownFileType = sourcecode.swift; path = RMEpisodeListView.swift; sourceTree = "<group>"; };
		BBB4D1BA2B6406880014AC45 /* RMEpisodeListViewViewModel.swift */ = {isa = PBXFileReference; lastKnownFileType = sourcecode.swift; path = RMEpisodeListViewViewModel.swift; sourceTree = "<group>"; };
		BBB4D1BC2B6409080014AC45 /* RMGetAllEpisodesResponse.swift */ = {isa = PBXFileReference; lastKnownFileType = sourcecode.swift; path = RMGetAllEpisodesResponse.swift; sourceTree = "<group>"; };
		BBDB5AFE2B76B3EB00AB4F0F /* RMLocationDetailViewController.swift */ = {isa = PBXFileReference; lastKnownFileType = sourcecode.swift; path = RMLocationDetailViewController.swift; sourceTree = "<group>"; };
		BBDB5B012B76B56800AB4F0F /* RMLocationDetailView.swift */ = {isa = PBXFileReference; lastKnownFileType = sourcecode.swift; path = RMLocationDetailView.swift; sourceTree = "<group>"; };
		BBDB5B032B76B6AB00AB4F0F /* RMLocationDetailViewViewModel.swift */ = {isa = PBXFileReference; lastKnownFileType = sourcecode.swift; path = RMLocationDetailViewViewModel.swift; sourceTree = "<group>"; };
		BBE4AE152B5ACBE100593E8D /* RMCharacterListViewViewModel.swift */ = {isa = PBXFileReference; lastKnownFileType = sourcecode.swift; path = RMCharacterListViewViewModel.swift; sourceTree = "<group>"; };
		BBE4AE172B5ACC3500593E8D /* RMCharacterListView.swift */ = {isa = PBXFileReference; lastKnownFileType = sourcecode.swift; path = RMCharacterListView.swift; sourceTree = "<group>"; };
		BBE4AE192B5ACED200593E8D /* Extensions.swift */ = {isa = PBXFileReference; lastKnownFileType = sourcecode.swift; path = Extensions.swift; sourceTree = "<group>"; };
		BBE4AE1B2B5AD2A700593E8D /* RMCharacterCollectionViewCell.swift */ = {isa = PBXFileReference; lastKnownFileType = sourcecode.swift; path = RMCharacterCollectionViewCell.swift; sourceTree = "<group>"; };
		BBE4AE1D2B5AD3B800593E8D /* RMCharacterCollectionViewCellViewModel.swift */ = {isa = PBXFileReference; lastKnownFileType = sourcecode.swift; path = RMCharacterCollectionViewCellViewModel.swift; sourceTree = "<group>"; };
/* End PBXFileReference section */

/* Begin PBXFrameworksBuildPhase section */
		BB4059B42B585C5A00296E30 /* Frameworks */ = {
			isa = PBXFrameworksBuildPhase;
			buildActionMask = 2147483647;
			files = (
			);
			runOnlyForDeploymentPostprocessing = 0;
		};
/* End PBXFrameworksBuildPhase section */

/* Begin PBXGroup section */
		BB0369752B585C9D00FFFCFF /* Views */ = {
			isa = PBXGroup;
			children = (
				BB0E82552B7A1D2D00203F5D /* Search */,
				BBDB5B002B76B55300AB4F0F /* LocationDetails */,
				BB4389002B73FCB3003A7157 /* Location */,
				BB139EAB2B6E9A4100CDF9E0 /* SwiftUI */,
				BB139E9E2B6E500A00CDF9E0 /* EpisodeDetails */,
				BBB4D1B72B6403B70014AC45 /* Episode */,
				BB38B5D12B5EAFDA00187B57 /* Character */,
				BB38B5D02B5EAFB600187B57 /* CharacterDetails */,
				BB19C0422B5BD649002575B6 /* RMFooterLoadingCollectionReusableView.swift */,
			);
			path = Views;
			sourceTree = "<group>";
		};
		BB0369762B585CA000FFFCFF /* ViewModels */ = {
			isa = PBXGroup;
			children = (
				BB0E825C2B7A1FB500203F5D /* Search */,
				BB4389092B740391003A7157 /* Locations */,
				BB139EA42B6E630600CDF9E0 /* Settings */,
				BB139EA12B6E505400CDF9E0 /* EpisodeDetail */,
				BB38B5D82B5EB02F00187B57 /* CharacterDetail */,
				BBE4AE152B5ACBE100593E8D /* RMCharacterListViewViewModel.swift */,
				BBE4AE1D2B5AD3B800593E8D /* RMCharacterCollectionViewCellViewModel.swift */,
				BBB4D1BA2B6406880014AC45 /* RMEpisodeListViewViewModel.swift */,
			);
			path = ViewModels;
			sourceTree = "<group>";
		};
		BB0369772B585CA500FFFCFF /* Resources */ = {
			isa = PBXGroup;
			children = (
				BB4059BA2B585C5A00296E30 /* AppDelegate.swift */,
				BB4059BC2B585C5A00296E30 /* SceneDelegate.swift */,
				BB4059C32B585C5C00296E30 /* Assets.xcassets */,
				BB4059C52B585C5C00296E30 /* LaunchScreen.storyboard */,
				BBE4AE192B5ACED200593E8D /* Extensions.swift */,
			);
			path = Resources;
			sourceTree = "<group>";
		};
		BB0369782B585CB700FFFCFF /* Models */ = {
			isa = PBXGroup;
			children = (
				BB51134A2B5A964000D396E3 /* APIResponseTypes */,
				BB5113492B5A962E00D396E3 /* DataTypes */,
			);
			path = Models;
			sourceTree = "<group>";
		};
		BB0369792B585CBA00FFFCFF /* Managers */ = {
			isa = PBXGroup;
			children = (
				BBA4BC532B5C23E1000ED04F /* RMImageLoader.swift */,
			);
			path = Managers;
			sourceTree = "<group>";
		};
		BB03697A2B585CBE00FFFCFF /* Controllers */ = {
			isa = PBXGroup;
			children = (
				BB19C03B2B5BC8D4002575B6 /* Core */,
				BB19C03A2B5BC8CC002575B6 /* Other */,
			);
			path = Controllers;
			sourceTree = "<group>";
		};
		BB03697B2B585CC400FFFCFF /* APIClient */ = {
			isa = PBXGroup;
			children = (
				BB487F0F2B598B710096BC3B /* RMService.swift */,
				BB487F152B598BA30096BC3B /* RMRequest.swift */,
				BB487F172B598C1B0096BC3B /* RMEndpoint.swift */,
			);
			path = APIClient;
			sourceTree = "<group>";
		};
		BB0E82552B7A1D2D00203F5D /* Search */ = {
			isa = PBXGroup;
			children = (
				BB0E82562B7A1D3A00203F5D /* RMSearchView.swift */,
				BB0E825F2B7A200000203F5D /* RMSearchInputView.swift */,
				BB0E825A2B7A1FA600203F5D /* RMNoSearchResultsView.swift */,
			);
			path = Search;
			sourceTree = "<group>";
		};
		BB0E825C2B7A1FB500203F5D /* Search */ = {
			isa = PBXGroup;
			children = (
				BB0E82582B7A1E1600203F5D /* RMSearchViewViewModel.swift */,
				BB0E825D2B7A1FD000203F5D /* RMNoSearchResultsViewViewModel.swift */,
				BB0E82612B7A201E00203F5D /* RMSearchInputViewViewModel.swift */,
				BB372AB52B84F35B00734C03 /* RMSearchResultViewModel.swift */,
			);
			path = Search;
			sourceTree = "<group>";
		};
		BB139E9E2B6E500A00CDF9E0 /* EpisodeDetails */ = {
			isa = PBXGroup;
			children = (
				BBB4D1B32B63C8870014AC45 /* RMEpisodeDetailView.swift */,
				BB139E9F2B6E503E00CDF9E0 /* RMEpisodeInfoCollectionViewCell.swift */,
			);
			path = EpisodeDetails;
			sourceTree = "<group>";
		};
		BB139EA12B6E505400CDF9E0 /* EpisodeDetail */ = {
			isa = PBXGroup;
			children = (
				BBB4D1B12B63C8140014AC45 /* RMEpisodeDetailViewViewModel.swift */,
				BB139EA22B6E506B00CDF9E0 /* RMEpisodeInfoCollectionViewCellViewModel.swift */,
			);
			path = EpisodeDetail;
			sourceTree = "<group>";
		};
		BB139EA42B6E630600CDF9E0 /* Settings */ = {
			isa = PBXGroup;
			children = (
				BB139EA52B6E631A00CDF9E0 /* RMSettingsViewViewModel.swift */,
				BB139EA92B6E63D100CDF9E0 /* RMSettingsOption.swift */,
				BB139EA72B6E635500CDF9E0 /* RMSettingsCellViewModel.swift */,
			);
			path = Settings;
			sourceTree = "<group>";
		};
		BB139EAB2B6E9A4100CDF9E0 /* SwiftUI */ = {
			isa = PBXGroup;
			children = (
				BB139EAC2B6E9A6400CDF9E0 /* RMSettingsView.swift */,
			);
			path = SwiftUI;
			sourceTree = "<group>";
		};
		BB19C03A2B5BC8CC002575B6 /* Other */ = {
			isa = PBXGroup;
			children = (
				BB4300572B7A6702003E5CAE /* Search */,
				BB19C03C2B5BC903002575B6 /* RMCharacterDetailViewController.swift */,
				BBDB5AFE2B76B3EB00AB4F0F /* RMLocationDetailViewController.swift */,
				BBB4D1AD2B63B9D30014AC45 /* RMEpisodeDetailViewController.swift */,
			);
			path = Other;
			sourceTree = "<group>";
		};
		BB19C03B2B5BC8D4002575B6 /* Core */ = {
			isa = PBXGroup;
			children = (
				BB0369852B585D4900FFFCFF /* RMCharacterViewController.swift */,
				BB0369832B585D4900FFFCFF /* RMEpisodeViewController.swift */,
				BB0369842B585D4900FFFCFF /* RMLocationViewController.swift */,
				BB0369862B585D4900FFFCFF /* RMSettingsViewController.swift */,
				BB0369822B585D4900FFFCFF /* RMTabBarViewController.swift */,
			);
			path = Core;
			sourceTree = "<group>";
		};
		BB38B5D02B5EAFB600187B57 /* CharacterDetails */ = {
			isa = PBXGroup;
			children = (
				BB19C03E2B5BC986002575B6 /* RMCharacterDetailView.swift */,
				BB38B5D22B5EB00400187B57 /* RMCharacterPhotoCollectionViewCell.swift */,
				BB38B5D42B5EB00C00187B57 /* RMCharacterInfoCollectionViewCell.swift */,
				BB38B5D62B5EB01500187B57 /* RMCharacterEpisodeCollectionViewCell.swift */,
			);
			path = CharacterDetails;
			sourceTree = "<group>";
		};
		BB38B5D12B5EAFDA00187B57 /* Character */ = {
			isa = PBXGroup;
			children = (
				BBE4AE172B5ACC3500593E8D /* RMCharacterListView.swift */,
				BBE4AE1B2B5AD2A700593E8D /* RMCharacterCollectionViewCell.swift */,
			);
			path = Character;
			sourceTree = "<group>";
		};
		BB38B5D82B5EB02F00187B57 /* CharacterDetail */ = {
			isa = PBXGroup;
			children = (
				BB19C0402B5BC99E002575B6 /* RMCharacterDetailViewViewModel.swift */,
				BB38B5D92B5EB08100187B57 /* RMCharacterPhotoCollectionViewCellViewModel.swift */,
				BB38B5DB2B5EB08B00187B57 /* RMCharacterInfoCollectionViewCellViewModel.swift */,
				BB38B5DD2B5EB09800187B57 /* RMCharacterEpisodeCollectionViewCellViewModel.swift */,
			);
			path = CharacterDetail;
			sourceTree = "<group>";
		};
		BB4059AE2B585C5A00296E30 = {
			isa = PBXGroup;
			children = (
				BB4059B92B585C5A00296E30 /* RickAndMorty */,
				BB4059B82B585C5A00296E30 /* Products */,
			);
			sourceTree = "<group>";
		};
		BB4059B82B585C5A00296E30 /* Products */ = {
			isa = PBXGroup;
			children = (
				BB4059B72B585C5A00296E30 /* RickAndMorty.app */,
			);
			name = Products;
			sourceTree = "<group>";
		};
		BB4059B92B585C5A00296E30 /* RickAndMorty */ = {
			isa = PBXGroup;
			children = (
				BB03697B2B585CC400FFFCFF /* APIClient */,
				BB03697A2B585CBE00FFFCFF /* Controllers */,
				BB0369792B585CBA00FFFCFF /* Managers */,
				BB0369782B585CB700FFFCFF /* Models */,
				BB0369772B585CA500FFFCFF /* Resources */,
				BB0369762B585CA000FFFCFF /* ViewModels */,
				BB0369752B585C9D00FFFCFF /* Views */,
				BB4059C82B585C5C00296E30 /* Info.plist */,
			);
			path = RickAndMorty;
			sourceTree = "<group>";
		};
		BB4300572B7A6702003E5CAE /* Search */ = {
			isa = PBXGroup;
			children = (
				BB3E6D3A2B6CF82A00E0C116 /* RMSearchViewController.swift */,
				BB4300552B7A6638003E5CAE /* RMSearchOptionPickerViewController.swift */,
			);
			path = Search;
			sourceTree = "<group>";
		};
		BB4389002B73FCB3003A7157 /* Location */ = {
			isa = PBXGroup;
			children = (
				BB4389012B73FCCA003A7157 /* RMLocationView.swift */,
				BB4389072B740333003A7157 /* RMLocationTableViewCell.swift */,
			);
			path = Location;
			sourceTree = "<group>";
		};
		BB4389092B740391003A7157 /* Locations */ = {
			isa = PBXGroup;
			children = (
				BB4389032B73FF0E003A7157 /* RMLocationViewViewModel.swift */,
				BB43890A2B740399003A7157 /* RMLocationTableViewCellViewModel.swift */,
				BBDB5B032B76B6AB00AB4F0F /* RMLocationDetailViewViewModel.swift */,
			);
			path = Locations;
			sourceTree = "<group>";
		};
		BB5113492B5A962E00D396E3 /* DataTypes */ = {
			isa = PBXGroup;
			children = (
				BB03697C2B585D0700FFFCFF /* RMCharacter.swift */,
				BB487F202B5993470096BC3B /* RMCharacterGender.swift */,
				BB487F1E2B5993270096BC3B /* RMCharacterStatus.swift */,
				BB487F192B5991C60096BC3B /* RMOrigin.swift */,
				BB487F1C2B5992290096BC3B /* RMSingleLocation.swift */,
				BB03697E2B585D0E00FFFCFF /* RMEpisode.swift */,
				BB0369802B585D1300FFFCFF /* RMLocation.swift */,
			);
			path = DataTypes;
			sourceTree = "<group>";
		};
		BB51134A2B5A964000D396E3 /* APIResponseTypes */ = {
			isa = PBXGroup;
			children = (
				BB51134D2B5A967200D396E3 /* RMGetAllCharactersResponse.swift */,
				BBB4D1BC2B6409080014AC45 /* RMGetAllEpisodesResponse.swift */,
				BB4389052B7401FD003A7157 /* RMGetAllLocationsResponse.swift */,
			);
			path = APIResponseTypes;
			sourceTree = "<group>";
		};
		BBB4D1B72B6403B70014AC45 /* Episode */ = {
			isa = PBXGroup;
			children = (
				BBB4D1B82B6403C60014AC45 /* RMEpisodeListView.swift */,
			);
			path = Episode;
			sourceTree = "<group>";
		};
		BBDB5B002B76B55300AB4F0F /* LocationDetails */ = {
			isa = PBXGroup;
			children = (
				BBDB5B012B76B56800AB4F0F /* RMLocationDetailView.swift */,
			);
			path = LocationDetails;
			sourceTree = "<group>";
		};
/* End PBXGroup section */

/* Begin PBXNativeTarget section */
		BB4059B62B585C5A00296E30 /* RickAndMorty */ = {
			isa = PBXNativeTarget;
			buildConfigurationList = BB4059CB2B585C5C00296E30 /* Build configuration list for PBXNativeTarget "RickAndMorty" */;
			buildPhases = (
				BB4059B32B585C5A00296E30 /* Sources */,
				BB4059B42B585C5A00296E30 /* Frameworks */,
				BB4059B52B585C5A00296E30 /* Resources */,
			);
			buildRules = (
			);
			dependencies = (
			);
			name = RickAndMorty;
			productName = RickAndMorty;
			productReference = BB4059B72B585C5A00296E30 /* RickAndMorty.app */;
			productType = "com.apple.product-type.application";
		};
/* End PBXNativeTarget section */

/* Begin PBXProject section */
		BB4059AF2B585C5A00296E30 /* Project object */ = {
			isa = PBXProject;
			attributes = {
				BuildIndependentTargetsInParallel = 1;
				LastSwiftUpdateCheck = 1520;
				LastUpgradeCheck = 1520;
				TargetAttributes = {
					BB4059B62B585C5A00296E30 = {
						CreatedOnToolsVersion = 15.2;
					};
				};
			};
			buildConfigurationList = BB4059B22B585C5A00296E30 /* Build configuration list for PBXProject "RickAndMorty" */;
			compatibilityVersion = "Xcode 14.0";
			developmentRegion = en;
			hasScannedForEncodings = 0;
			knownRegions = (
				en,
				Base,
			);
			mainGroup = BB4059AE2B585C5A00296E30;
			productRefGroup = BB4059B82B585C5A00296E30 /* Products */;
			projectDirPath = "";
			projectRoot = "";
			targets = (
				BB4059B62B585C5A00296E30 /* RickAndMorty */,
			);
		};
/* End PBXProject section */

/* Begin PBXResourcesBuildPhase section */
		BB4059B52B585C5A00296E30 /* Resources */ = {
			isa = PBXResourcesBuildPhase;
			buildActionMask = 2147483647;
			files = (
				BB4059C72B585C5C00296E30 /* LaunchScreen.storyboard in Resources */,
				BB4059C42B585C5C00296E30 /* Assets.xcassets in Resources */,
			);
			runOnlyForDeploymentPostprocessing = 0;
		};
/* End PBXResourcesBuildPhase section */

/* Begin PBXSourcesBuildPhase section */
		BB4059B32B585C5A00296E30 /* Sources */ = {
			isa = PBXSourcesBuildPhase;
			buildActionMask = 2147483647;
			files = (
				BB487F1A2B5991C60096BC3B /* RMOrigin.swift in Sources */,
				BB19C0412B5BC99E002575B6 /* RMCharacterDetailViewViewModel.swift in Sources */,
				BB4389022B73FCCA003A7157 /* RMLocationView.swift in Sources */,
				BB139EAA2B6E63D100CDF9E0 /* RMSettingsOption.swift in Sources */,
				BB3E6D3B2B6CF82A00E0C116 /* RMSearchViewController.swift in Sources */,
				BB372AB62B84F35B00734C03 /* RMSearchResultViewModel.swift in Sources */,
				BB139EA82B6E635500CDF9E0 /* RMSettingsCellViewModel.swift in Sources */,
				BB487F1D2B5992290096BC3B /* RMSingleLocation.swift in Sources */,
				BBE4AE182B5ACC3500593E8D /* RMCharacterListView.swift in Sources */,
				BBB4D1BD2B6409080014AC45 /* RMGetAllEpisodesResponse.swift in Sources */,
				BB51134E2B5A967200D396E3 /* RMGetAllCharactersResponse.swift in Sources */,
				BB487F1F2B5993270096BC3B /* RMCharacterStatus.swift in Sources */,
				BB487F212B5993470096BC3B /* RMCharacterGender.swift in Sources */,
				BB19C03D2B5BC903002575B6 /* RMCharacterDetailViewController.swift in Sources */,
				BB19C0432B5BD649002575B6 /* RMFooterLoadingCollectionReusableView.swift in Sources */,
				BB4389062B7401FD003A7157 /* RMGetAllLocationsResponse.swift in Sources */,
				BB139EA62B6E631A00CDF9E0 /* RMSettingsViewViewModel.swift in Sources */,
				BB0369892B585D4900FFFCFF /* RMLocationViewController.swift in Sources */,
				BB4389042B73FF0E003A7157 /* RMLocationViewViewModel.swift in Sources */,
				BB0E82592B7A1E1600203F5D /* RMSearchViewViewModel.swift in Sources */,
				BB03697D2B585D0700FFFCFF /* RMCharacter.swift in Sources */,
				BB38B5D52B5EB00C00187B57 /* RMCharacterInfoCollectionViewCell.swift in Sources */,
				BB0369812B585D1300FFFCFF /* RMLocation.swift in Sources */,
				BBDB5B022B76B56800AB4F0F /* RMLocationDetailView.swift in Sources */,
				BBB4D1B92B6403C60014AC45 /* RMEpisodeListView.swift in Sources */,
				BBE4AE1C2B5AD2A700593E8D /* RMCharacterCollectionViewCell.swift in Sources */,
				BB139EA02B6E503E00CDF9E0 /* RMEpisodeInfoCollectionViewCell.swift in Sources */,
				BB0E825E2B7A1FD000203F5D /* RMNoSearchResultsViewViewModel.swift in Sources */,
				BB38B5DC2B5EB08B00187B57 /* RMCharacterInfoCollectionViewCellViewModel.swift in Sources */,
				BB0E825B2B7A1FA600203F5D /* RMNoSearchResultsView.swift in Sources */,
				BB139EA32B6E506B00CDF9E0 /* RMEpisodeInfoCollectionViewCellViewModel.swift in Sources */,
				BB03697F2B585D0E00FFFCFF /* RMEpisode.swift in Sources */,
				BBA4BC542B5C23E1000ED04F /* RMImageLoader.swift in Sources */,
				BB4300562B7A6638003E5CAE /* RMSearchOptionPickerViewController.swift in Sources */,
				BB03698B2B585D4900FFFCFF /* RMSettingsViewController.swift in Sources */,
				BB03698A2B585D4900FFFCFF /* RMCharacterViewController.swift in Sources */,
				BB38B5D32B5EB00400187B57 /* RMCharacterPhotoCollectionViewCell.swift in Sources */,
				BB38B5DE2B5EB09800187B57 /* RMCharacterEpisodeCollectionViewCellViewModel.swift in Sources */,
				BB43890B2B740399003A7157 /* RMLocationTableViewCellViewModel.swift in Sources */,
				BB0369872B585D4900FFFCFF /* RMTabBarViewController.swift in Sources */,
				BBDB5AFF2B76B3EB00AB4F0F /* RMLocationDetailViewController.swift in Sources */,
				BB487F102B598B710096BC3B /* RMService.swift in Sources */,
				BB0E82622B7A201E00203F5D /* RMSearchInputViewViewModel.swift in Sources */,
				BB4389082B740333003A7157 /* RMLocationTableViewCell.swift in Sources */,
				BB38B5DA2B5EB08100187B57 /* RMCharacterPhotoCollectionViewCellViewModel.swift in Sources */,
				BB0E82602B7A200000203F5D /* RMSearchInputView.swift in Sources */,
				BBDB5B042B76B6AB00AB4F0F /* RMLocationDetailViewViewModel.swift in Sources */,
				BB4059BB2B585C5A00296E30 /* AppDelegate.swift in Sources */,
				BB487F182B598C1B0096BC3B /* RMEndpoint.swift in Sources */,
				BBE4AE1A2B5ACED200593E8D /* Extensions.swift in Sources */,
				BBB4D1AE2B63B9D30014AC45 /* RMEpisodeDetailViewController.swift in Sources */,
				BBB4D1B42B63C8870014AC45 /* RMEpisodeDetailView.swift in Sources */,
				BB0E82572B7A1D3A00203F5D /* RMSearchView.swift in Sources */,
				BBB4D1BB2B6406880014AC45 /* RMEpisodeListViewViewModel.swift in Sources */,
				BB139EAD2B6E9A6400CDF9E0 /* RMSettingsView.swift in Sources */,
				BB4059BD2B585C5A00296E30 /* SceneDelegate.swift in Sources */,
				BBE4AE1E2B5AD3B800593E8D /* RMCharacterCollectionViewCellViewModel.swift in Sources */,
				BB487F162B598BA30096BC3B /* RMRequest.swift in Sources */,
				BBE4AE162B5ACBE100593E8D /* RMCharacterListViewViewModel.swift in Sources */,
				BB38B5D72B5EB01500187B57 /* RMCharacterEpisodeCollectionViewCell.swift in Sources */,
				BB0369882B585D4900FFFCFF /* RMEpisodeViewController.swift in Sources */,
				BBB4D1B22B63C8140014AC45 /* RMEpisodeDetailViewViewModel.swift in Sources */,
				BB19C03F2B5BC986002575B6 /* RMCharacterDetailView.swift in Sources */,
			);
			runOnlyForDeploymentPostprocessing = 0;
		};
/* End PBXSourcesBuildPhase section */

/* Begin PBXVariantGroup section */
		BB4059C52B585C5C00296E30 /* LaunchScreen.storyboard */ = {
			isa = PBXVariantGroup;
			children = (
				BB4059C62B585C5C00296E30 /* Base */,
			);
			name = LaunchScreen.storyboard;
			sourceTree = "<group>";
		};
/* End PBXVariantGroup section */

/* Begin XCBuildConfiguration section */
		BB4059C92B585C5C00296E30 /* Debug */ = {
			isa = XCBuildConfiguration;
			buildSettings = {
				ALWAYS_SEARCH_USER_PATHS = NO;
				ASSETCATALOG_COMPILER_GENERATE_SWIFT_ASSET_SYMBOL_EXTENSIONS = YES;
				CLANG_ANALYZER_NONNULL = YES;
				CLANG_ANALYZER_NUMBER_OBJECT_CONVERSION = YES_AGGRESSIVE;
				CLANG_CXX_LANGUAGE_STANDARD = "gnu++20";
				CLANG_ENABLE_MODULES = YES;
				CLANG_ENABLE_OBJC_ARC = YES;
				CLANG_ENABLE_OBJC_WEAK = YES;
				CLANG_WARN_BLOCK_CAPTURE_AUTORELEASING = YES;
				CLANG_WARN_BOOL_CONVERSION = YES;
				CLANG_WARN_COMMA = YES;
				CLANG_WARN_CONSTANT_CONVERSION = YES;
				CLANG_WARN_DEPRECATED_OBJC_IMPLEMENTATIONS = YES;
				CLANG_WARN_DIRECT_OBJC_ISA_USAGE = YES_ERROR;
				CLANG_WARN_DOCUMENTATION_COMMENTS = YES;
				CLANG_WARN_EMPTY_BODY = YES;
				CLANG_WARN_ENUM_CONVERSION = YES;
				CLANG_WARN_INFINITE_RECURSION = YES;
				CLANG_WARN_INT_CONVERSION = YES;
				CLANG_WARN_NON_LITERAL_NULL_CONVERSION = YES;
				CLANG_WARN_OBJC_IMPLICIT_RETAIN_SELF = YES;
				CLANG_WARN_OBJC_LITERAL_CONVERSION = YES;
				CLANG_WARN_OBJC_ROOT_CLASS = YES_ERROR;
				CLANG_WARN_QUOTED_INCLUDE_IN_FRAMEWORK_HEADER = YES;
				CLANG_WARN_RANGE_LOOP_ANALYSIS = YES;
				CLANG_WARN_STRICT_PROTOTYPES = YES;
				CLANG_WARN_SUSPICIOUS_MOVE = YES;
				CLANG_WARN_UNGUARDED_AVAILABILITY = YES_AGGRESSIVE;
				CLANG_WARN_UNREACHABLE_CODE = YES;
				CLANG_WARN__DUPLICATE_METHOD_MATCH = YES;
				COPY_PHASE_STRIP = NO;
				DEBUG_INFORMATION_FORMAT = dwarf;
				ENABLE_STRICT_OBJC_MSGSEND = YES;
				ENABLE_TESTABILITY = YES;
				ENABLE_USER_SCRIPT_SANDBOXING = YES;
				GCC_C_LANGUAGE_STANDARD = gnu17;
				GCC_DYNAMIC_NO_PIC = NO;
				GCC_NO_COMMON_BLOCKS = YES;
				GCC_OPTIMIZATION_LEVEL = 0;
				GCC_PREPROCESSOR_DEFINITIONS = (
					"DEBUG=1",
					"$(inherited)",
				);
				GCC_WARN_64_TO_32_BIT_CONVERSION = YES;
				GCC_WARN_ABOUT_RETURN_TYPE = YES_ERROR;
				GCC_WARN_UNDECLARED_SELECTOR = YES;
				GCC_WARN_UNINITIALIZED_AUTOS = YES_AGGRESSIVE;
				GCC_WARN_UNUSED_FUNCTION = YES;
				GCC_WARN_UNUSED_VARIABLE = YES;
				IPHONEOS_DEPLOYMENT_TARGET = 17.2;
				LOCALIZATION_PREFERS_STRING_CATALOGS = YES;
				MTL_ENABLE_DEBUG_INFO = INCLUDE_SOURCE;
				MTL_FAST_MATH = YES;
				ONLY_ACTIVE_ARCH = YES;
				SDKROOT = iphoneos;
				SWIFT_ACTIVE_COMPILATION_CONDITIONS = "DEBUG $(inherited)";
				SWIFT_OPTIMIZATION_LEVEL = "-Onone";
			};
			name = Debug;
		};
		BB4059CA2B585C5C00296E30 /* Release */ = {
			isa = XCBuildConfiguration;
			buildSettings = {
				ALWAYS_SEARCH_USER_PATHS = NO;
				ASSETCATALOG_COMPILER_GENERATE_SWIFT_ASSET_SYMBOL_EXTENSIONS = YES;
				CLANG_ANALYZER_NONNULL = YES;
				CLANG_ANALYZER_NUMBER_OBJECT_CONVERSION = YES_AGGRESSIVE;
				CLANG_CXX_LANGUAGE_STANDARD = "gnu++20";
				CLANG_ENABLE_MODULES = YES;
				CLANG_ENABLE_OBJC_ARC = YES;
				CLANG_ENABLE_OBJC_WEAK = YES;
				CLANG_WARN_BLOCK_CAPTURE_AUTORELEASING = YES;
				CLANG_WARN_BOOL_CONVERSION = YES;
				CLANG_WARN_COMMA = YES;
				CLANG_WARN_CONSTANT_CONVERSION = YES;
				CLANG_WARN_DEPRECATED_OBJC_IMPLEMENTATIONS = YES;
				CLANG_WARN_DIRECT_OBJC_ISA_USAGE = YES_ERROR;
				CLANG_WARN_DOCUMENTATION_COMMENTS = YES;
				CLANG_WARN_EMPTY_BODY = YES;
				CLANG_WARN_ENUM_CONVERSION = YES;
				CLANG_WARN_INFINITE_RECURSION = YES;
				CLANG_WARN_INT_CONVERSION = YES;
				CLANG_WARN_NON_LITERAL_NULL_CONVERSION = YES;
				CLANG_WARN_OBJC_IMPLICIT_RETAIN_SELF = YES;
				CLANG_WARN_OBJC_LITERAL_CONVERSION = YES;
				CLANG_WARN_OBJC_ROOT_CLASS = YES_ERROR;
				CLANG_WARN_QUOTED_INCLUDE_IN_FRAMEWORK_HEADER = YES;
				CLANG_WARN_RANGE_LOOP_ANALYSIS = YES;
				CLANG_WARN_STRICT_PROTOTYPES = YES;
				CLANG_WARN_SUSPICIOUS_MOVE = YES;
				CLANG_WARN_UNGUARDED_AVAILABILITY = YES_AGGRESSIVE;
				CLANG_WARN_UNREACHABLE_CODE = YES;
				CLANG_WARN__DUPLICATE_METHOD_MATCH = YES;
				COPY_PHASE_STRIP = NO;
				DEBUG_INFORMATION_FORMAT = "dwarf-with-dsym";
				ENABLE_NS_ASSERTIONS = NO;
				ENABLE_STRICT_OBJC_MSGSEND = YES;
				ENABLE_USER_SCRIPT_SANDBOXING = YES;
				GCC_C_LANGUAGE_STANDARD = gnu17;
				GCC_NO_COMMON_BLOCKS = YES;
				GCC_WARN_64_TO_32_BIT_CONVERSION = YES;
				GCC_WARN_ABOUT_RETURN_TYPE = YES_ERROR;
				GCC_WARN_UNDECLARED_SELECTOR = YES;
				GCC_WARN_UNINITIALIZED_AUTOS = YES_AGGRESSIVE;
				GCC_WARN_UNUSED_FUNCTION = YES;
				GCC_WARN_UNUSED_VARIABLE = YES;
				IPHONEOS_DEPLOYMENT_TARGET = 17.2;
				LOCALIZATION_PREFERS_STRING_CATALOGS = YES;
				MTL_ENABLE_DEBUG_INFO = NO;
				MTL_FAST_MATH = YES;
				SDKROOT = iphoneos;
				SWIFT_COMPILATION_MODE = wholemodule;
				VALIDATE_PRODUCT = YES;
			};
			name = Release;
		};
		BB4059CC2B585C5C00296E30 /* Debug */ = {
			isa = XCBuildConfiguration;
			buildSettings = {
				ASSETCATALOG_COMPILER_APPICON_NAME = AppIcon;
				ASSETCATALOG_COMPILER_GLOBAL_ACCENT_COLOR_NAME = AccentColor;
				CODE_SIGN_STYLE = Automatic;
				CURRENT_PROJECT_VERSION = 1;
				DEVELOPMENT_TEAM = SF69972TN6;
				GENERATE_INFOPLIST_FILE = YES;
				INFOPLIST_FILE = RickAndMorty/Info.plist;
				INFOPLIST_KEY_CFBundleDisplayName = "Rick & Morty";
				INFOPLIST_KEY_LSApplicationCategoryType = "public.app-category.education";
				INFOPLIST_KEY_UIApplicationSupportsIndirectInputEvents = YES;
				INFOPLIST_KEY_UILaunchStoryboardName = LaunchScreen;
				INFOPLIST_KEY_UISupportedInterfaceOrientations_iPad = "UIInterfaceOrientationPortrait UIInterfaceOrientationPortraitUpsideDown UIInterfaceOrientationLandscapeLeft UIInterfaceOrientationLandscapeRight";
				INFOPLIST_KEY_UISupportedInterfaceOrientations_iPhone = "UIInterfaceOrientationPortrait UIInterfaceOrientationLandscapeLeft UIInterfaceOrientationLandscapeRight";
				IPHONEOS_DEPLOYMENT_TARGET = 16.6;
				LD_RUNPATH_SEARCH_PATHS = (
					"$(inherited)",
					"@executable_path/Frameworks",
				);
				MARKETING_VERSION = 1.0;
				PRODUCT_BUNDLE_IDENTIFIER = com.smk.RickAndMorty;
				PRODUCT_NAME = "$(TARGET_NAME)";
				SWIFT_EMIT_LOC_STRINGS = YES;
				SWIFT_VERSION = 5.0;
				TARGETED_DEVICE_FAMILY = "1,2";
			};
			name = Debug;
		};
		BB4059CD2B585C5C00296E30 /* Release */ = {
			isa = XCBuildConfiguration;
			buildSettings = {
				ASSETCATALOG_COMPILER_APPICON_NAME = AppIcon;
				ASSETCATALOG_COMPILER_GLOBAL_ACCENT_COLOR_NAME = AccentColor;
				CODE_SIGN_STYLE = Automatic;
				CURRENT_PROJECT_VERSION = 1;
				DEVELOPMENT_TEAM = SF69972TN6;
				GENERATE_INFOPLIST_FILE = YES;
				INFOPLIST_FILE = RickAndMorty/Info.plist;
				INFOPLIST_KEY_CFBundleDisplayName = "Rick & Morty";
				INFOPLIST_KEY_LSApplicationCategoryType = "public.app-category.education";
				INFOPLIST_KEY_UIApplicationSupportsIndirectInputEvents = YES;
				INFOPLIST_KEY_UILaunchStoryboardName = LaunchScreen;
				INFOPLIST_KEY_UISupportedInterfaceOrientations_iPad = "UIInterfaceOrientationPortrait UIInterfaceOrientationPortraitUpsideDown UIInterfaceOrientationLandscapeLeft UIInterfaceOrientationLandscapeRight";
				INFOPLIST_KEY_UISupportedInterfaceOrientations_iPhone = "UIInterfaceOrientationPortrait UIInterfaceOrientationLandscapeLeft UIInterfaceOrientationLandscapeRight";
				IPHONEOS_DEPLOYMENT_TARGET = 16.6;
				LD_RUNPATH_SEARCH_PATHS = (
					"$(inherited)",
					"@executable_path/Frameworks",
				);
				MARKETING_VERSION = 1.0;
				PRODUCT_BUNDLE_IDENTIFIER = com.smk.RickAndMorty;
				PRODUCT_NAME = "$(TARGET_NAME)";
				SWIFT_EMIT_LOC_STRINGS = YES;
				SWIFT_VERSION = 5.0;
				TARGETED_DEVICE_FAMILY = "1,2";
			};
			name = Release;
		};
/* End XCBuildConfiguration section */

/* Begin XCConfigurationList section */
		BB4059B22B585C5A00296E30 /* Build configuration list for PBXProject "RickAndMorty" */ = {
			isa = XCConfigurationList;
			buildConfigurations = (
				BB4059C92B585C5C00296E30 /* Debug */,
				BB4059CA2B585C5C00296E30 /* Release */,
			);
			defaultConfigurationIsVisible = 0;
			defaultConfigurationName = Release;
		};
		BB4059CB2B585C5C00296E30 /* Build configuration list for PBXNativeTarget "RickAndMorty" */ = {
			isa = XCConfigurationList;
			buildConfigurations = (
				BB4059CC2B585C5C00296E30 /* Debug */,
				BB4059CD2B585C5C00296E30 /* Release */,
			);
			defaultConfigurationIsVisible = 0;
			defaultConfigurationName = Release;
		};
/* End XCConfigurationList section */
	};
	rootObject = BB4059AF2B585C5A00296E30 /* Project object */;
}
